
Microsoft Visual Studio Solution File, Format Version 12.00
# Visual Studio 15
VisualStudioVersion = 15.0.27130.2020
MinimumVisualStudioVersion = 10.0.40219.1
Project("{FAE04EC0-301F-11D3-BF4B-00C04F79EFBC}") = "WorekInfo", "WorekInfo\WorekInfo.csproj", "{D25EC779-A30B-4995-A37A-104A549F8135}"
EndProject
Global
	GlobalSection(SolutionConfigurationPlatforms) = preSolution
		Debug|Any CPU = Debug|Any CPU
		Release|Any CPU = Release|Any CPU
	EndGlobalSection
	GlobalSection(ProjectConfigurationPlatforms) = postSolution
		{D25EC779-A30B-4995-A37A-104A549F8135}.Debug|Any CPU.ActiveCfg = Debug|Any CPU
		{D25EC779-A30B-4995-A37A-104A549F8135}.Debug|Any CPU.Build.0 = Debug|Any CPU
		{D25EC779-A30B-4995-A37A-104A549F8135}.Release|Any CPU.ActiveCfg = Release|Any CPU
		{D25EC779-A30B-4995-A37A-104A549F8135}.Release|Any CPU.Build.0 = Release|Any CPU
	EndGlobalSection
	GlobalSection(SolutionProperties) = preSolution
		HideSolutionNode = FALSE
	EndGlobalSection
	GlobalSection(ExtensibilityGlobals) = postSolution
		SolutionGuid = {38298428-C590-4C5A-B7C4-EB0F968A21E1}
	EndGlobalSection
EndGlobal
