
Microsoft Visual Studio Solution File, Format Version 12.00
# Visual Studio 15
VisualStudioVersion = 15.0.27130.2020
MinimumVisualStudioVersion = 10.0.40219.1
Project("{FAE04EC0-301F-11D3-BF4B-00C04F79EFBC}") = "Massif", "Massif\Massif.csproj", "{31182C67-62E2-468E-963F-5BFA1FFB88B8}"
EndProject
Global
	GlobalSection(SolutionConfigurationPlatforms) = preSolution
		Debug|Any CPU = Debug|Any CPU
		Release|Any CPU = Release|Any CPU
	EndGlobalSection
	GlobalSection(ProjectConfigurationPlatforms) = postSolution
		{31182C67-62E2-468E-963F-5BFA1FFB88B8}.Debug|Any CPU.ActiveCfg = Debug|Any CPU
		{31182C67-62E2-468E-963F-5BFA1FFB88B8}.Debug|Any CPU.Build.0 = Debug|Any CPU
		{31182C67-62E2-468E-963F-5BFA1FFB88B8}.Release|Any CPU.ActiveCfg = Release|Any CPU
		{31182C67-62E2-468E-963F-5BFA1FFB88B8}.Release|Any CPU.Build.0 = Release|Any CPU
	EndGlobalSection
	GlobalSection(SolutionProperties) = preSolution
		HideSolutionNode = FALSE
	EndGlobalSection
	GlobalSection(ExtensibilityGlobals) = postSolution
		SolutionGuid = {C2139F4E-954A-4B6D-BE1C-7C5A75727A7F}
	EndGlobalSection
EndGlobal
