
Microsoft Visual Studio Solution File, Format Version 12.00
# Visual Studio 15
VisualStudioVersion = 15.0.27130.2020
MinimumVisualStudioVersion = 10.0.40219.1
Project("{FAE04EC0-301F-11D3-BF4B-00C04F79EFBC}") = "task1", "task1\task1.csproj", "{09295D45-59E8-4020-B115-F3CAB068A728}"
EndProject
Global
	GlobalSection(SolutionConfigurationPlatforms) = preSolution
		Debug|Any CPU = Debug|Any CPU
		Release|Any CPU = Release|Any CPU
	EndGlobalSection
	GlobalSection(ProjectConfigurationPlatforms) = postSolution
		{09295D45-59E8-4020-B115-F3CAB068A728}.Debug|Any CPU.ActiveCfg = Debug|Any CPU
		{09295D45-59E8-4020-B115-F3CAB068A728}.Debug|Any CPU.Build.0 = Debug|Any CPU
		{09295D45-59E8-4020-B115-F3CAB068A728}.Release|Any CPU.ActiveCfg = Release|Any CPU
		{09295D45-59E8-4020-B115-F3CAB068A728}.Release|Any CPU.Build.0 = Release|Any CPU
	EndGlobalSection
	GlobalSection(SolutionProperties) = preSolution
		HideSolutionNode = FALSE
	EndGlobalSection
	GlobalSection(ExtensibilityGlobals) = postSolution
		SolutionGuid = {53814AA1-F86C-49C7-B729-42F066C5315A}
	EndGlobalSection
EndGlobal
