
Microsoft Visual Studio Solution File, Format Version 12.00
# Visual Studio 15
VisualStudioVersion = 15.0.27130.2036
MinimumVisualStudioVersion = 10.0.40219.1
Project("{FAE04EC0-301F-11D3-BF4B-00C04F79EFBC}") = "ArrayDelegat", "ArrayDelegat\ArrayDelegat.csproj", "{D01A4365-85D5-4AD7-A7A0-302C7C697D6A}"
EndProject
Project("{2150E333-8FDC-42A3-9474-1A3956D46DE8}") = "Solution Items", "Solution Items", "{D9161760-A11C-4229-94CA-79E4A566A48B}"
	ProjectSection(SolutionItems) = preProject
		readMe.txt = readMe.txt
	EndProjectSection
EndProject
Global
	GlobalSection(SolutionConfigurationPlatforms) = preSolution
		Debug|Any CPU = Debug|Any CPU
		Release|Any CPU = Release|Any CPU
	EndGlobalSection
	GlobalSection(ProjectConfigurationPlatforms) = postSolution
		{D01A4365-85D5-4AD7-A7A0-302C7C697D6A}.Debug|Any CPU.ActiveCfg = Debug|Any CPU
		{D01A4365-85D5-4AD7-A7A0-302C7C697D6A}.Debug|Any CPU.Build.0 = Debug|Any CPU
		{D01A4365-85D5-4AD7-A7A0-302C7C697D6A}.Release|Any CPU.ActiveCfg = Release|Any CPU
		{D01A4365-85D5-4AD7-A7A0-302C7C697D6A}.Release|Any CPU.Build.0 = Release|Any CPU
	EndGlobalSection
	GlobalSection(SolutionProperties) = preSolution
		HideSolutionNode = FALSE
	EndGlobalSection
	GlobalSection(ExtensibilityGlobals) = postSolution
		SolutionGuid = {832D8383-4607-422B-8F59-32BF99E2C541}
	EndGlobalSection
EndGlobal
