
Microsoft Visual Studio Solution File, Format Version 12.00
# Visual Studio 15
VisualStudioVersion = 15.0.27130.2020
MinimumVisualStudioVersion = 10.0.40219.1
Project("{FAE04EC0-301F-11D3-BF4B-00C04F79EFBC}") = "Translator", "Translator\Translator.csproj", "{BD071CC8-F050-409C-84E1-6296962F6ECD}"
EndProject
Global
	GlobalSection(SolutionConfigurationPlatforms) = preSolution
		Debug|Any CPU = Debug|Any CPU
		Release|Any CPU = Release|Any CPU
	EndGlobalSection
	GlobalSection(ProjectConfigurationPlatforms) = postSolution
		{BD071CC8-F050-409C-84E1-6296962F6ECD}.Debug|Any CPU.ActiveCfg = Debug|Any CPU
		{BD071CC8-F050-409C-84E1-6296962F6ECD}.Debug|Any CPU.Build.0 = Debug|Any CPU
		{BD071CC8-F050-409C-84E1-6296962F6ECD}.Release|Any CPU.ActiveCfg = Release|Any CPU
		{BD071CC8-F050-409C-84E1-6296962F6ECD}.Release|Any CPU.Build.0 = Release|Any CPU
	EndGlobalSection
	GlobalSection(SolutionProperties) = preSolution
		HideSolutionNode = FALSE
	EndGlobalSection
	GlobalSection(ExtensibilityGlobals) = postSolution
		SolutionGuid = {4C42D530-C03D-4330-B3AC-33087B3695D8}
	EndGlobalSection
EndGlobal
