
Microsoft Visual Studio Solution File, Format Version 12.00
# Visual Studio 15
VisualStudioVersion = 15.0.27130.2020
MinimumVisualStudioVersion = 10.0.40219.1
Project("{FAE04EC0-301F-11D3-BF4B-00C04F79EFBC}") = "task2", "task2\task2.csproj", "{F5B946A1-63FE-4641-9BC6-6138E8D4987B}"
EndProject
Global
	GlobalSection(SolutionConfigurationPlatforms) = preSolution
		Debug|Any CPU = Debug|Any CPU
		Release|Any CPU = Release|Any CPU
	EndGlobalSection
	GlobalSection(ProjectConfigurationPlatforms) = postSolution
		{F5B946A1-63FE-4641-9BC6-6138E8D4987B}.Debug|Any CPU.ActiveCfg = Debug|Any CPU
		{F5B946A1-63FE-4641-9BC6-6138E8D4987B}.Debug|Any CPU.Build.0 = Debug|Any CPU
		{F5B946A1-63FE-4641-9BC6-6138E8D4987B}.Release|Any CPU.ActiveCfg = Release|Any CPU
		{F5B946A1-63FE-4641-9BC6-6138E8D4987B}.Release|Any CPU.Build.0 = Release|Any CPU
	EndGlobalSection
	GlobalSection(SolutionProperties) = preSolution
		HideSolutionNode = FALSE
	EndGlobalSection
	GlobalSection(ExtensibilityGlobals) = postSolution
		SolutionGuid = {085E7F7B-306F-4A97-A878-8E8F1C781856}
	EndGlobalSection
EndGlobal
