
Microsoft Visual Studio Solution File, Format Version 12.00
# Visual Studio 15
VisualStudioVersion = 15.0.27130.2036
MinimumVisualStudioVersion = 10.0.40219.1
Project("{FAE04EC0-301F-11D3-BF4B-00C04F79EFBC}") = "Timetable", "Timetable\Timetable.csproj", "{85EABD3B-4F57-4ED6-8ED3-23D7BAD1C327}"
EndProject
Project("{2150E333-8FDC-42A3-9474-1A3956D46DE8}") = "Solution Items", "Solution Items", "{5615F2C8-0033-4FE7-BA16-2237D88D34AD}"
	ProjectSection(SolutionItems) = preProject
		readMe.txt = readMe.txt
	EndProjectSection
EndProject
Global
	GlobalSection(SolutionConfigurationPlatforms) = preSolution
		Debug|Any CPU = Debug|Any CPU
		Release|Any CPU = Release|Any CPU
	EndGlobalSection
	GlobalSection(ProjectConfigurationPlatforms) = postSolution
		{85EABD3B-4F57-4ED6-8ED3-23D7BAD1C327}.Debug|Any CPU.ActiveCfg = Debug|Any CPU
		{85EABD3B-4F57-4ED6-8ED3-23D7BAD1C327}.Debug|Any CPU.Build.0 = Debug|Any CPU
		{85EABD3B-4F57-4ED6-8ED3-23D7BAD1C327}.Release|Any CPU.ActiveCfg = Release|Any CPU
		{85EABD3B-4F57-4ED6-8ED3-23D7BAD1C327}.Release|Any CPU.Build.0 = Release|Any CPU
	EndGlobalSection
	GlobalSection(SolutionProperties) = preSolution
		HideSolutionNode = FALSE
	EndGlobalSection
	GlobalSection(ExtensibilityGlobals) = postSolution
		SolutionGuid = {3E1E05F2-E0BD-4856-BFAE-B733E8394E01}
	EndGlobalSection
EndGlobal
