
Microsoft Visual Studio Solution File, Format Version 12.00
# Visual Studio 15
VisualStudioVersion = 15.0.27130.2020
MinimumVisualStudioVersion = 10.0.40219.1
Project("{FAE04EC0-301F-11D3-BF4B-00C04F79EFBC}") = "task2", "task2\task2.csproj", "{AE5E07B9-0A44-44CD-9AAA-32EE3B2862FC}"
EndProject
Global
	GlobalSection(SolutionConfigurationPlatforms) = preSolution
		Debug|Any CPU = Debug|Any CPU
		Release|Any CPU = Release|Any CPU
	EndGlobalSection
	GlobalSection(ProjectConfigurationPlatforms) = postSolution
		{AE5E07B9-0A44-44CD-9AAA-32EE3B2862FC}.Debug|Any CPU.ActiveCfg = Debug|Any CPU
		{AE5E07B9-0A44-44CD-9AAA-32EE3B2862FC}.Debug|Any CPU.Build.0 = Debug|Any CPU
		{AE5E07B9-0A44-44CD-9AAA-32EE3B2862FC}.Release|Any CPU.ActiveCfg = Release|Any CPU
		{AE5E07B9-0A44-44CD-9AAA-32EE3B2862FC}.Release|Any CPU.Build.0 = Release|Any CPU
	EndGlobalSection
	GlobalSection(SolutionProperties) = preSolution
		HideSolutionNode = FALSE
	EndGlobalSection
	GlobalSection(ExtensibilityGlobals) = postSolution
		SolutionGuid = {AE629B71-D5EB-46C9-A9D9-EE0E8556605C}
	EndGlobalSection
EndGlobal
