
Microsoft Visual Studio Solution File, Format Version 12.00
# Visual Studio 15
VisualStudioVersion = 15.0.27130.2020
MinimumVisualStudioVersion = 10.0.40219.1
Project("{FAE04EC0-301F-11D3-BF4B-00C04F79EFBC}") = "Book", "Book\Book.csproj", "{C0A45ADE-771F-4123-9E9F-005D1FDE5C16}"
EndProject
Global
	GlobalSection(SolutionConfigurationPlatforms) = preSolution
		Debug|Any CPU = Debug|Any CPU
		Release|Any CPU = Release|Any CPU
	EndGlobalSection
	GlobalSection(ProjectConfigurationPlatforms) = postSolution
		{C0A45ADE-771F-4123-9E9F-005D1FDE5C16}.Debug|Any CPU.ActiveCfg = Debug|Any CPU
		{C0A45ADE-771F-4123-9E9F-005D1FDE5C16}.Debug|Any CPU.Build.0 = Debug|Any CPU
		{C0A45ADE-771F-4123-9E9F-005D1FDE5C16}.Release|Any CPU.ActiveCfg = Release|Any CPU
		{C0A45ADE-771F-4123-9E9F-005D1FDE5C16}.Release|Any CPU.Build.0 = Release|Any CPU
	EndGlobalSection
	GlobalSection(SolutionProperties) = preSolution
		HideSolutionNode = FALSE
	EndGlobalSection
	GlobalSection(ExtensibilityGlobals) = postSolution
		SolutionGuid = {6F8F2CB5-3E6A-4413-BD11-AA61948857C7}
	EndGlobalSection
EndGlobal
